// !$*UTF8*$!
{
	archiveVersion = 1;
	classes = {
	};
	objectVersion = 56;
	objects = {

/* Begin PBXBuildFile section */
		593064C22988340D0065ED20 /* Alamofire in Frameworks */ = {isa = PBXBuildFile; productRef = 593064C12988340D0065ED20 /* Alamofire */; };
		5936695A2987A7CB0087F66E /* CodecueChatGPTApp.swift in Sources */ = {isa = PBXBuildFile; fileRef = 593669592987A7CB0087F66E /* CodecueChatGPTApp.swift */; };
		5936695C2987A7CB0087F66E /* ContentView.swift in Sources */ = {isa = PBXBuildFile; fileRef = 5936695B2987A7CB0087F66E /* ContentView.swift */; };
		5936695E2987A7CF0087F66E /* Assets.xcassets in Resources */ = {isa = PBXBuildFile; fileRef = 5936695D2987A7CF0087F66E /* Assets.xcassets */; };
		593669612987A7CF0087F66E /* Preview Assets.xcassets in Resources */ = {isa = PBXBuildFile; fileRef = 593669602987A7CF0087F66E /* Preview Assets.xcassets */; };
		593669682987A84C0087F66E /* SplashScreen.swift in Sources */ = {isa = PBXBuildFile; fileRef = 593669672987A84C0087F66E /* SplashScreen.swift */; };
		5936696A2987A9840087F66E /* HomeScreen.swift in Sources */ = {isa = PBXBuildFile; fileRef = 593669692987A9840087F66E /* HomeScreen.swift */; };
		5936696D2987A9E60087F66E /* AppColors.swift in Sources */ = {isa = PBXBuildFile; fileRef = 5936696C2987A9E60087F66E /* AppColors.swift */; };
		594687262988FF1300D93B5D /* Kingfisher in Frameworks */ = {isa = PBXBuildFile; productRef = 594687252988FF1300D93B5D /* Kingfisher */; };
		595E998E298A2E81006475FE /* Shimmer in Frameworks */ = {isa = PBXBuildFile; productRef = 595E998D298A2E81006475FE /* Shimmer */; };
		595E9990298A2F13006475FE /* Shimmer.swift in Sources */ = {isa = PBXBuildFile; fileRef = 595E998F298A2F13006475FE /* Shimmer.swift */; };
		59909D062987E137000E4C24 /* DetailImageScreen.swift in Sources */ = {isa = PBXBuildFile; fileRef = 59909D052987E137000E4C24 /* DetailImageScreen.swift */; };
		59A6BA5E2987D49200418350 /* DetailTextScreen.swift in Sources */ = {isa = PBXBuildFile; fileRef = 59A6BA5D2987D49200418350 /* DetailTextScreen.swift */; };
		59C300F6298D367300F93CFF /* ImageViewer.swift in Sources */ = {isa = PBXBuildFile; fileRef = 59C300F5298D367300F93CFF /* ImageViewer.swift */; };
		59D31BED2987AD830070EC22 /* AppImages.swift in Sources */ = {isa = PBXBuildFile; fileRef = 59D31BEC2987AD830070EC22 /* AppImages.swift */; };
		59EDAF162990E64C00266026 /* GoogleMobileAds in Frameworks */ = {isa = PBXBuildFile; productRef = 59EDAF152990E64C00266026 /* GoogleMobileAds */; };
		59EDAF192990E68D00266026 /* AdMob.swift in Sources */ = {isa = PBXBuildFile; fileRef = 59EDAF182990E68D00266026 /* AdMob.swift */; };
/* End PBXBuildFile section */

/* Begin PBXFileReference section */
		593669562987A7CB0087F66E /* CodecueChatGPT.app */ = {isa = PBXFileReference; explicitFileType = wrapper.application; includeInIndex = 0; path = CodecueChatGPT.app; sourceTree = BUILT_PRODUCTS_DIR; };
		593669592987A7CB0087F66E /* CodecueChatGPTApp.swift */ = {isa = PBXFileReference; lastKnownFileType = sourcecode.swift; path = CodecueChatGPTApp.swift; sourceTree = "<group>"; };
		5936695B2987A7CB0087F66E /* ContentView.swift */ = {isa = PBXFileReference; lastKnownFileType = sourcecode.swift; path = ContentView.swift; sourceTree = "<group>"; };
		5936695D2987A7CF0087F66E /* Assets.xcassets */ = {isa = PBXFileReference; lastKnownFileType = folder.assetcatalog; path = Assets.xcassets; sourceTree = "<group>"; };
		593669602987A7CF0087F66E /* Preview Assets.xcassets */ = {isa = PBXFileReference; lastKnownFileType = folder.assetcatalog; path = "Preview Assets.xcassets"; sourceTree = "<group>"; };
		593669672987A84C0087F66E /* SplashScreen.swift */ = {isa = PBXFileReference; lastKnownFileType = sourcecode.swift; path = SplashScreen.swift; sourceTree = "<group>"; };
		593669692987A9840087F66E /* HomeScreen.swift */ = {isa = PBXFileReference; lastKnownFileType = sourcecode.swift; path = HomeScreen.swift; sourceTree = "<group>"; };
		5936696C2987A9E60087F66E /* AppColors.swift */ = {isa = PBXFileReference; lastKnownFileType = sourcecode.swift; path = AppColors.swift; sourceTree = "<group>"; };
		595E998F298A2F13006475FE /* Shimmer.swift */ = {isa = PBXFileReference; lastKnownFileType = sourcecode.swift; path = Shimmer.swift; sourceTree = "<group>"; };
		59909D052987E137000E4C24 /* DetailImageScreen.swift */ = {isa = PBXFileReference; lastKnownFileType = sourcecode.swift; path = DetailImageScreen.swift; sourceTree = "<group>"; };
		59A6BA5D2987D49200418350 /* DetailTextScreen.swift */ = {isa = PBXFileReference; lastKnownFileType = sourcecode.swift; path = DetailTextScreen.swift; sourceTree = "<group>"; };
		59C300F5298D367300F93CFF /* ImageViewer.swift */ = {isa = PBXFileReference; lastKnownFileType = sourcecode.swift; path = ImageViewer.swift; sourceTree = "<group>"; };
		59D31BEC2987AD830070EC22 /* AppImages.swift */ = {isa = PBXFileReference; lastKnownFileType = sourcecode.swift; path = AppImages.swift; sourceTree = "<group>"; };
		59EDAF182990E68D00266026 /* AdMob.swift */ = {isa = PBXFileReference; fileEncoding = 4; lastKnownFileType = sourcecode.swift; path = AdMob.swift; sourceTree = "<group>"; };
		59EDAF1A2990E82300266026 /* Info.plist */ = {isa = PBXFileReference; lastKnownFileType = text.plist.xml; path = Info.plist; sourceTree = "<group>"; };
/* End PBXFileReference section */

/* Begin PBXFrameworksBuildPhase section */
		593669532987A7CB0087F66E /* Frameworks */ = {
			isa = PBXFrameworksBuildPhase;
			buildActionMask = 2147483647;
			files = (
				59EDAF162990E64C00266026 /* GoogleMobileAds in Frameworks */,
				595E998E298A2E81006475FE /* Shimmer in Frameworks */,
				594687262988FF1300D93B5D /* Kingfisher in Frameworks */,
				593064C22988340D0065ED20 /* Alamofire in Frameworks */,
			);
			runOnlyForDeploymentPostprocessing = 0;
		};
/* End PBXFrameworksBuildPhase section */

/* Begin PBXGroup section */
		5936694D2987A7CB0087F66E = {
			isa = PBXGroup;
			children = (
				593669582987A7CB0087F66E /* CodecueChatGPT */,
				593669572987A7CB0087F66E /* Products */,
			);
			sourceTree = "<group>";
		};
		593669572987A7CB0087F66E /* Products */ = {
			isa = PBXGroup;
			children = (
				593669562987A7CB0087F66E /* CodecueChatGPT.app */,
			);
			name = Products;
			sourceTree = "<group>";
		};
		593669582987A7CB0087F66E /* CodecueChatGPT */ = {
			isa = PBXGroup;
			children = (
				59EDAF1A2990E82300266026 /* Info.plist */,
				59EDAF172990E68D00266026 /* Google Admob integration */,
				5936696B2987A9AE0087F66E /* Resources */,
				593669692987A9840087F66E /* HomeScreen.swift */,
				59A6BA5D2987D49200418350 /* DetailTextScreen.swift */,
				59909D052987E137000E4C24 /* DetailImageScreen.swift */,
				593669672987A84C0087F66E /* SplashScreen.swift */,
				593669592987A7CB0087F66E /* CodecueChatGPTApp.swift */,
				5936695B2987A7CB0087F66E /* ContentView.swift */,
				5936695D2987A7CF0087F66E /* Assets.xcassets */,
				5936695F2987A7CF0087F66E /* Preview Content */,
			);
			path = CodecueChatGPT;
			sourceTree = "<group>";
		};
		5936695F2987A7CF0087F66E /* Preview Content */ = {
			isa = PBXGroup;
			children = (
				593669602987A7CF0087F66E /* Preview Assets.xcassets */,
			);
			path = "Preview Content";
			sourceTree = "<group>";
		};
		5936696B2987A9AE0087F66E /* Resources */ = {
			isa = PBXGroup;
			children = (
				5936696C2987A9E60087F66E /* AppColors.swift */,
				59D31BEC2987AD830070EC22 /* AppImages.swift */,
				595E998F298A2F13006475FE /* Shimmer.swift */,
				59C300F5298D367300F93CFF /* ImageViewer.swift */,
			);
			path = Resources;
			sourceTree = "<group>";
		};
		59EDAF172990E68D00266026 /* Google Admob integration */ = {
			isa = PBXGroup;
			children = (
				59EDAF182990E68D00266026 /* AdMob.swift */,
			);
			path = "Google Admob integration";
			sourceTree = "<group>";
		};
/* End PBXGroup section */

/* Begin PBXNativeTarget section */
		593669552987A7CB0087F66E /* CodecueChatGPT */ = {
			isa = PBXNativeTarget;
			buildConfigurationList = 593669642987A7CF0087F66E /* Build configuration list for PBXNativeTarget "CodecueChatGPT" */;
			buildPhases = (
				593669522987A7CB0087F66E /* Sources */,
				593669532987A7CB0087F66E /* Frameworks */,
				593669542987A7CB0087F66E /* Resources */,
			);
			buildRules = (
			);
			dependencies = (
			);
			name = CodecueChatGPT;
			packageProductDependencies = (
				593064C12988340D0065ED20 /* Alamofire */,
				594687252988FF1300D93B5D /* Kingfisher */,
				595E998D298A2E81006475FE /* Shimmer */,
				59EDAF152990E64C00266026 /* GoogleMobileAds */,
			);
			productName = CodecueChatGPT;
			productReference = 593669562987A7CB0087F66E /* CodecueChatGPT.app */;
			productType = "com.apple.product-type.application";
		};
/* End PBXNativeTarget section */

/* Begin PBXProject section */
		5936694E2987A7CB0087F66E /* Project object */ = {
			isa = PBXProject;
			attributes = {
				BuildIndependentTargetsInParallel = 1;
				LastSwiftUpdateCheck = 1420;
				LastUpgradeCheck = 1420;
				TargetAttributes = {
					593669552987A7CB0087F66E = {
						CreatedOnToolsVersion = 14.2;
					};
				};
			};
			buildConfigurationList = 593669512987A7CB0087F66E /* Build configuration list for PBXProject "CodecueChatGPT" */;
			compatibilityVersion = "Xcode 14.0";
			developmentRegion = en;
			hasScannedForEncodings = 0;
			knownRegions = (
				en,
				Base,
			);
			mainGroup = 5936694D2987A7CB0087F66E;
			packageReferences = (
				593064C02988340D0065ED20 /* XCRemoteSwiftPackageReference "Alamofire" */,
				594687242988FF1300D93B5D /* XCRemoteSwiftPackageReference "Kingfisher" */,
				595E998C298A2E81006475FE /* XCRemoteSwiftPackageReference "SwiftUI-Shimmer" */,
				59EDAF142990E64C00266026 /* XCRemoteSwiftPackageReference "swift-package-manager-google-mobile-ads" */,
			);
			productRefGroup = 593669572987A7CB0087F66E /* Products */;
			projectDirPath = "";
			projectRoot = "";
			targets = (
				593669552987A7CB0087F66E /* CodecueChatGPT */,
			);
		};
/* End PBXProject section */

/* Begin PBXResourcesBuildPhase section */
		593669542987A7CB0087F66E /* Resources */ = {
			isa = PBXResourcesBuildPhase;
			buildActionMask = 2147483647;
			files = (
				593669612987A7CF0087F66E /* Preview Assets.xcassets in Resources */,
				5936695E2987A7CF0087F66E /* Assets.xcassets in Resources */,
			);
			runOnlyForDeploymentPostprocessing = 0;
		};
/* End PBXResourcesBuildPhase section */

/* Begin PBXSourcesBuildPhase section */
		593669522987A7CB0087F66E /* Sources */ = {
			isa = PBXSourcesBuildPhase;
			buildActionMask = 2147483647;
			files = (
				59909D062987E137000E4C24 /* DetailImageScreen.swift in Sources */,
				5936696A2987A9840087F66E /* HomeScreen.swift in Sources */,
				59D31BED2987AD830070EC22 /* AppImages.swift in Sources */,
				59C300F6298D367300F93CFF /* ImageViewer.swift in Sources */,
				593669682987A84C0087F66E /* SplashScreen.swift in Sources */,
				595E9990298A2F13006475FE /* Shimmer.swift in Sources */,
				5936695C2987A7CB0087F66E /* ContentView.swift in Sources */,
				59EDAF192990E68D00266026 /* AdMob.swift in Sources */,
				5936696D2987A9E60087F66E /* AppColors.swift in Sources */,
				59A6BA5E2987D49200418350 /* DetailTextScreen.swift in Sources */,
				5936695A2987A7CB0087F66E /* CodecueChatGPTApp.swift in Sources */,
			);
			runOnlyForDeploymentPostprocessing = 0;
		};
/* End PBXSourcesBuildPhase section */

/* Begin XCBuildConfiguration section */
		593669622987A7CF0087F66E /* Debug */ = {
			isa = XCBuildConfiguration;
			buildSettings = {
				ALWAYS_SEARCH_USER_PATHS = NO;
				CLANG_ANALYZER_NONNULL = YES;
				CLANG_ANALYZER_NUMBER_OBJECT_CONVERSION = YES_AGGRESSIVE;
				CLANG_CXX_LANGUAGE_STANDARD = "gnu++20";
				CLANG_ENABLE_MODULES = YES;
				CLANG_ENABLE_OBJC_ARC = YES;
				CLANG_ENABLE_OBJC_WEAK = YES;
				CLANG_WARN_BLOCK_CAPTURE_AUTORELEASING = YES;
				CLANG_WARN_BOOL_CONVERSION = YES;
				CLANG_WARN_COMMA = YES;
				CLANG_WARN_CONSTANT_CONVERSION = YES;
				CLANG_WARN_DEPRECATED_OBJC_IMPLEMENTATIONS = YES;
				CLANG_WARN_DIRECT_OBJC_ISA_USAGE = YES_ERROR;
				CLANG_WARN_DOCUMENTATION_COMMENTS = YES;
				CLANG_WARN_EMPTY_BODY = YES;
				CLANG_WARN_ENUM_CONVERSION = YES;
				CLANG_WARN_INFINITE_RECURSION = YES;
				CLANG_WARN_INT_CONVERSION = YES;
				CLANG_WARN_NON_LITERAL_NULL_CONVERSION = YES;
				CLANG_WARN_OBJC_IMPLICIT_RETAIN_SELF = YES;
				CLANG_WARN_OBJC_LITERAL_CONVERSION = YES;
				CLANG_WARN_OBJC_ROOT_CLASS = YES_ERROR;
				CLANG_WARN_QUOTED_INCLUDE_IN_FRAMEWORK_HEADER = YES;
				CLANG_WARN_RANGE_LOOP_ANALYSIS = YES;
				CLANG_WARN_STRICT_PROTOTYPES = YES;
				CLANG_WARN_SUSPICIOUS_MOVE = YES;
				CLANG_WARN_UNGUARDED_AVAILABILITY = YES_AGGRESSIVE;
				CLANG_WARN_UNREACHABLE_CODE = YES;
				CLANG_WARN__DUPLICATE_METHOD_MATCH = YES;
				COPY_PHASE_STRIP = NO;
				DEBUG_INFORMATION_FORMAT = dwarf;
				ENABLE_STRICT_OBJC_MSGSEND = YES;
				ENABLE_TESTABILITY = YES;
				GCC_C_LANGUAGE_STANDARD = gnu11;
				GCC_DYNAMIC_NO_PIC = NO;
				GCC_NO_COMMON_BLOCKS = YES;
				GCC_OPTIMIZATION_LEVEL = 0;
				GCC_PREPROCESSOR_DEFINITIONS = (
					"DEBUG=1",
					"$(inherited)",
				);
				GCC_WARN_64_TO_32_BIT_CONVERSION = YES;
				GCC_WARN_ABOUT_RETURN_TYPE = YES_ERROR;
				GCC_WARN_UNDECLARED_SELECTOR = YES;
				GCC_WARN_UNINITIALIZED_AUTOS = YES_AGGRESSIVE;
				GCC_WARN_UNUSED_FUNCTION = YES;
				GCC_WARN_UNUSED_VARIABLE = YES;
				IPHONEOS_DEPLOYMENT_TARGET = 16.2;
				MTL_ENABLE_DEBUG_INFO = INCLUDE_SOURCE;
				MTL_FAST_MATH = YES;
				ONLY_ACTIVE_ARCH = YES;
				"OTHER_LDFLAGS[arch=*]" = "-ObjC";
				SDKROOT = iphoneos;
				SWIFT_ACTIVE_COMPILATION_CONDITIONS = DEBUG;
				SWIFT_OPTIMIZATION_LEVEL = "-Onone";
			};
			name = Debug;
		};
		593669632987A7CF0087F66E /* Release */ = {
			isa = XCBuildConfiguration;
			buildSettings = {
				ALWAYS_SEARCH_USER_PATHS = NO;
				CLANG_ANALYZER_NONNULL = YES;
				CLANG_ANALYZER_NUMBER_OBJECT_CONVERSION = YES_AGGRESSIVE;
				CLANG_CXX_LANGUAGE_STANDARD = "gnu++20";
				CLANG_ENABLE_MODULES = YES;
				CLANG_ENABLE_OBJC_ARC = YES;
				CLANG_ENABLE_OBJC_WEAK = YES;
				CLANG_WARN_BLOCK_CAPTURE_AUTORELEASING = YES;
				CLANG_WARN_BOOL_CONVERSION = YES;
				CLANG_WARN_COMMA = YES;
				CLANG_WARN_CONSTANT_CONVERSION = YES;
				CLANG_WARN_DEPRECATED_OBJC_IMPLEMENTATIONS = YES;
				CLANG_WARN_DIRECT_OBJC_ISA_USAGE = YES_ERROR;
				CLANG_WARN_DOCUMENTATION_COMMENTS = YES;
				CLANG_WARN_EMPTY_BODY = YES;
				CLANG_WARN_ENUM_CONVERSION = YES;
				CLANG_WARN_INFINITE_RECURSION = YES;
				CLANG_WARN_INT_CONVERSION = YES;
				CLANG_WARN_NON_LITERAL_NULL_CONVERSION = YES;
				CLANG_WARN_OBJC_IMPLICIT_RETAIN_SELF = YES;
				CLANG_WARN_OBJC_LITERAL_CONVERSION = YES;
				CLANG_WARN_OBJC_ROOT_CLASS = YES_ERROR;
				CLANG_WARN_QUOTED_INCLUDE_IN_FRAMEWORK_HEADER = YES;
				CLANG_WARN_RANGE_LOOP_ANALYSIS = YES;
				CLANG_WARN_STRICT_PROTOTYPES = YES;
				CLANG_WARN_SUSPICIOUS_MOVE = YES;
				CLANG_WARN_UNGUARDED_AVAILABILITY = YES_AGGRESSIVE;
				CLANG_WARN_UNREACHABLE_CODE = YES;
				CLANG_WARN__DUPLICATE_METHOD_MATCH = YES;
				COPY_PHASE_STRIP = NO;
				DEBUG_INFORMATION_FORMAT = "dwarf-with-dsym";
				ENABLE_NS_ASSERTIONS = NO;
				ENABLE_STRICT_OBJC_MSGSEND = YES;
				GCC_C_LANGUAGE_STANDARD = gnu11;
				GCC_NO_COMMON_BLOCKS = YES;
				GCC_WARN_64_TO_32_BIT_CONVERSION = YES;
				GCC_WARN_ABOUT_RETURN_TYPE = YES_ERROR;
				GCC_WARN_UNDECLARED_SELECTOR = YES;
				GCC_WARN_UNINITIALIZED_AUTOS = YES_AGGRESSIVE;
				GCC_WARN_UNUSED_FUNCTION = YES;
				GCC_WARN_UNUSED_VARIABLE = YES;
				IPHONEOS_DEPLOYMENT_TARGET = 16.2;
				MTL_ENABLE_DEBUG_INFO = NO;
				MTL_FAST_MATH = YES;
				SDKROOT = iphoneos;
				SWIFT_COMPILATION_MODE = wholemodule;
				SWIFT_OPTIMIZATION_LEVEL = "-O";
				VALIDATE_PRODUCT = YES;
			};
			name = Release;
		};
		593669652987A7CF0087F66E /* Debug */ = {
			isa = XCBuildConfiguration;
			buildSettings = {
				ASSETCATALOG_COMPILER_APPICON_NAME = AppIcon;
				ASSETCATALOG_COMPILER_GLOBAL_ACCENT_COLOR_NAME = AccentColor;
				CODE_SIGN_STYLE = Automatic;
				CURRENT_PROJECT_VERSION = 1;
				DEVELOPMENT_ASSET_PATHS = "\"CodecueChatGPT/Preview Content\"";
				ENABLE_PREVIEWS = YES;
				GENERATE_INFOPLIST_FILE = YES;
				INFOPLIST_FILE = CodecueChatGPT/Info.plist;
				INFOPLIST_KEY_UIApplicationSceneManifest_Generation = YES;
				INFOPLIST_KEY_UIApplicationSupportsIndirectInputEvents = YES;
				INFOPLIST_KEY_UILaunchScreen_Generation = YES;
				INFOPLIST_KEY_UISupportedInterfaceOrientations_iPad = "UIInterfaceOrientationPortrait UIInterfaceOrientationPortraitUpsideDown UIInterfaceOrientationLandscapeLeft UIInterfaceOrientationLandscapeRight";
				INFOPLIST_KEY_UISupportedInterfaceOrientations_iPhone = "UIInterfaceOrientationPortrait UIInterfaceOrientationLandscapeLeft UIInterfaceOrientationLandscapeRight";
				LD_RUNPATH_SEARCH_PATHS = (
					"$(inherited)",
					"@executable_path/Frameworks",
				);
				MARKETING_VERSION = 1.0;
				PRODUCT_BUNDLE_IDENTIFIER = com.codecuechatgpt.CodecueChatGPT;
				PRODUCT_NAME = "$(TARGET_NAME)";
				SWIFT_EMIT_LOC_STRINGS = YES;
				SWIFT_VERSION = 5.0;
				TARGETED_DEVICE_FAMILY = "1,2";
			};
			name = Debug;
		};
		593669662987A7CF0087F66E /* Release */ = {
			isa = XCBuildConfiguration;
			buildSettings = {
				ASSETCATALOG_COMPILER_APPICON_NAME = AppIcon;
				ASSETCATALOG_COMPILER_GLOBAL_ACCENT_COLOR_NAME = AccentColor;
				CODE_SIGN_STYLE = Automatic;
				CURRENT_PROJECT_VERSION = 1;
				DEVELOPMENT_ASSET_PATHS = "\"CodecueChatGPT/Preview Content\"";
				ENABLE_PREVIEWS = YES;
				GENERATE_INFOPLIST_FILE = YES;
				INFOPLIST_FILE = CodecueChatGPT/Info.plist;
				INFOPLIST_KEY_UIApplicationSceneManifest_Generation = YES;
				INFOPLIST_KEY_UIApplicationSupportsIndirectInputEvents = YES;
				INFOPLIST_KEY_UILaunchScreen_Generation = YES;
				INFOPLIST_KEY_UISupportedInterfaceOrientations_iPad = "UIInterfaceOrientationPortrait UIInterfaceOrientationPortraitUpsideDown UIInterfaceOrientationLandscapeLeft UIInterfaceOrientationLandscapeRight";
				INFOPLIST_KEY_UISupportedInterfaceOrientations_iPhone = "UIInterfaceOrientationPortrait UIInterfaceOrientationLandscapeLeft UIInterfaceOrientationLandscapeRight";
				LD_RUNPATH_SEARCH_PATHS = (
					"$(inherited)",
					"@executable_path/Frameworks",
				);
				MARKETING_VERSION = 1.0;
				PRODUCT_BUNDLE_IDENTIFIER = com.codecuechatgpt.CodecueChatGPT;
				PRODUCT_NAME = "$(TARGET_NAME)";
				SWIFT_EMIT_LOC_STRINGS = YES;
				SWIFT_VERSION = 5.0;
				TARGETED_DEVICE_FAMILY = "1,2";
			};
			name = Release;
		};
/* End XCBuildConfiguration section */

/* Begin XCConfigurationList section */
		593669512987A7CB0087F66E /* Build configuration list for PBXProject "CodecueChatGPT" */ = {
			isa = XCConfigurationList;
			buildConfigurations = (
				593669622987A7CF0087F66E /* Debug */,
				593669632987A7CF0087F66E /* Release */,
			);
			defaultConfigurationIsVisible = 0;
			defaultConfigurationName = Release;
		};
		593669642987A7CF0087F66E /* Build configuration list for PBXNativeTarget "CodecueChatGPT" */ = {
			isa = XCConfigurationList;
			buildConfigurations = (
				593669652987A7CF0087F66E /* Debug */,
				593669662987A7CF0087F66E /* Release */,
			);
			defaultConfigurationIsVisible = 0;
			defaultConfigurationName = Release;
		};
/* End XCConfigurationList section */

/* Begin XCRemoteSwiftPackageReference section */
		593064C02988340D0065ED20 /* XCRemoteSwiftPackageReference "Alamofire" */ = {
			isa = XCRemoteSwiftPackageReference;
			repositoryURL = "https://github.com/Alamofire/Alamofire.git";
			requirement = {
				branch = master;
				kind = branch;
			};
		};
		594687242988FF1300D93B5D /* XCRemoteSwiftPackageReference "Kingfisher" */ = {
			isa = XCRemoteSwiftPackageReference;
			repositoryURL = "https://github.com/onevcat/Kingfisher.git";
			requirement = {
				branch = master;
				kind = branch;
			};
		};
		595E998C298A2E81006475FE /* XCRemoteSwiftPackageReference "SwiftUI-Shimmer" */ = {
			isa = XCRemoteSwiftPackageReference;
			repositoryURL = "https://github.com/markiv/SwiftUI-Shimmer.git";
			requirement = {
				branch = main;
				kind = branch;
			};
		};
		59EDAF142990E64C00266026 /* XCRemoteSwiftPackageReference "swift-package-manager-google-mobile-ads" */ = {
			isa = XCRemoteSwiftPackageReference;
			repositoryURL = "https://github.com/googleads/swift-package-manager-google-mobile-ads.git";
			requirement = {
				branch = main;
				kind = branch;
			};
		};
/* End XCRemoteSwiftPackageReference section */

/* Begin XCSwiftPackageProductDependency section */
		593064C12988340D0065ED20 /* Alamofire */ = {
			isa = XCSwiftPackageProductDependency;
			package = 593064C02988340D0065ED20 /* XCRemoteSwiftPackageReference "Alamofire" */;
			productName = Alamofire;
		};
		594687252988FF1300D93B5D /* Kingfisher */ = {
			isa = XCSwiftPackageProductDependency;
			package = 594687242988FF1300D93B5D /* XCRemoteSwiftPackageReference "Kingfisher" */;
			productName = Kingfisher;
		};
		595E998D298A2E81006475FE /* Shimmer */ = {
			isa = XCSwiftPackageProductDependency;
			package = 595E998C298A2E81006475FE /* XCRemoteSwiftPackageReference "SwiftUI-Shimmer" */;
			productName = Shimmer;
		};
		59EDAF152990E64C00266026 /* GoogleMobileAds */ = {
			isa = XCSwiftPackageProductDependency;
			package = 59EDAF142990E64C00266026 /* XCRemoteSwiftPackageReference "swift-package-manager-google-mobile-ads" */;
			productName = GoogleMobileAds;
		};
/* End XCSwiftPackageProductDependency section */
	};
	rootObject = 5936694E2987A7CB0087F66E /* Project object */;
}
